// !$*UTF8*$!
{
	archiveVersion = 1;
	classes = {
	};
	objectVersion = 48;
	objects = {

/* Begin PBXBuildFile section */
		816D845E1FB8FC11008DDA1E /* AppDelegate.swift in Sources */ = {isa = PBXBuildFile; fileRef = 816D845D1FB8FC11008DDA1E /* AppDelegate.swift */; };
		816D84601FB8FC11008DDA1E /* ViewController.swift in Sources */ = {isa = PBXBuildFile; fileRef = 816D845F1FB8FC11008DDA1E /* ViewController.swift */; };
		816D84631FB8FC11008DDA1E /* Main.storyboard in Resources */ = {isa = PBXBuildFile; fileRef = 816D84611FB8FC11008DDA1E /* Main.storyboard */; };
		816D84661FB8FC11008DDA1E /* Collector.xcdatamodeld in Sources */ = {isa = PBXBuildFile; fileRef = 816D84641FB8FC11008DDA1E /* Collector.xcdatamodeld */; };
		816D84681FB8FC11008DDA1E /* Assets.xcassets in Resources */ = {isa = PBXBuildFile; fileRef = 816D84671FB8FC11008DDA1E /* Assets.xcassets */; };
		816D846B1FB8FC11008DDA1E /* LaunchScreen.storyboard in Resources */ = {isa = PBXBuildFile; fileRef = 816D84691FB8FC11008DDA1E /* LaunchScreen.storyboard */; };
/* End PBXBuildFile section */

/* Begin PBXFileReference section */
		816D845A1FB8FC11008DDA1E /* Collector.app */ = {isa = PBXFileReference; explicitFileType = wrapper.application; includeInIndex = 0; path = Collector.app; sourceTree = BUILT_PRODUCTS_DIR; };
		816D845D1FB8FC11008DDA1E /* AppDelegate.swift */ = {isa = PBXFileReference; lastKnownFileType = sourcecode.swift; path = AppDelegate.swift; sourceTree = "<group>"; };
		816D845F1FB8FC11008DDA1E /* ViewController.swift */ = {isa = PBXFileReference; lastKnownFileType = sourcecode.swift; path = ViewController.swift; sourceTree = "<group>"; };
		816D84621FB8FC11008DDA1E /* Base */ = {isa = PBXFileReference; lastKnownFileType = file.storyboard; name = Base; path = Base.lproj/Main.storyboard; sourceTree = "<group>"; };
		816D84651FB8FC11008DDA1E /* Collector.xcdatamodel */ = {isa = PBXFileReference; lastKnownFileType = wrapper.xcdatamodel; path = Collector.xcdatamodel; sourceTree = "<group>"; };
		816D84671FB8FC11008DDA1E /* Assets.xcassets */ = {isa = PBXFileReference; lastKnownFileType = folder.assetcatalog; path = Assets.xcassets; sourceTree = "<group>"; };
		816D846A1FB8FC11008DDA1E /* Base */ = {isa = PBXFileReference; lastKnownFileType = file.storyboard; name = Base; path = Base.lproj/LaunchScreen.storyboard; sourceTree = "<group>"; };
		816D846C1FB8FC11008DDA1E /* Info.plist */ = {isa = PBXFileReference; lastKnownFileType = text.plist.xml; path = Info.plist; sourceTree = "<group>"; };
/* End PBXFileReference section */

/* Begin PBXFrameworksBuildPhase section */
		816D84571FB8FC11008DDA1E /* Frameworks */ = {
			isa = PBXFrameworksBuildPhase;
			buildActionMask = 2147483647;
			files = (
			);
			runOnlyForDeploymentPostprocessing = 0;
		};
/* End PBXFrameworksBuildPhase section */

/* Begin PBXGroup section */
		816D84511FB8FC11008DDA1E = {
			isa = PBXGroup;
			children = (
				816D845C1FB8FC11008DDA1E /* Collector */,
				816D845B1FB8FC11008DDA1E /* Products */,
			);
			sourceTree = "<group>";
		};
		816D845B1FB8FC11008DDA1E /* Products */ = {
			isa = PBXGroup;
			children = (
				816D845A1FB8FC11008DDA1E /* Collector.app */,
			);
			name = Products;
			sourceTree = "<group>";
		};
		816D845C1FB8FC11008DDA1E /* Collector */ = {
			isa = PBXGroup;
			children = (
				816D845D1FB8FC11008DDA1E /* AppDelegate.swift */,
				816D845F1FB8FC11008DDA1E /* ViewController.swift */,
				816D84611FB8FC11008DDA1E /* Main.storyboard */,
				816D84671FB8FC11008DDA1E /* Assets.xcassets */,
				816D84691FB8FC11008DDA1E /* LaunchScreen.storyboard */,
				816D846C1FB8FC11008DDA1E /* Info.plist */,
				816D84641FB8FC11008DDA1E /* Collector.xcdatamodeld */,
			);
			path = Collector;
			sourceTree = "<group>";
		};
/* End PBXGroup section */

/* Begin PBXNativeTarget section */
		816D84591FB8FC11008DDA1E /* Collector */ = {
			isa = PBXNativeTarget;
			buildConfigurationList = 816D846F1FB8FC11008DDA1E /* Build configuration list for PBXNativeTarget "Collector" */;
			buildPhases = (
				816D84561FB8FC11008DDA1E /* Sources */,
				816D84571FB8FC11008DDA1E /* Frameworks */,
				816D84581FB8FC11008DDA1E /* Resources */,
			);
			buildRules = (
			);
			dependencies = (
			);
			name = Collector;
			productName = Collector;
			productReference = 816D845A1FB8FC11008DDA1E /* Collector.app */;
			productType = "com.apple.product-type.application";
		};
/* End PBXNativeTarget section */

/* Begin PBXProject section */
		816D84521FB8FC11008DDA1E /* Project object */ = {
			isa = PBXProject;
			attributes = {
				LastSwiftUpdateCheck = 0900;
				LastUpgradeCheck = 0900;
				ORGANIZATIONNAME = "Kevin Mudiandambo";
				TargetAttributes = {
					816D84591FB8FC11008DDA1E = {
						CreatedOnToolsVersion = 9.0;
						ProvisioningStyle = Automatic;
					};
				};
			};
			buildConfigurationList = 816D84551FB8FC11008DDA1E /* Build configuration list for PBXProject "Collector" */;
			compatibilityVersion = "Xcode 8.0";
			developmentRegion = en;
			hasScannedForEncodings = 0;
			knownRegions = (
				en,
				Base,
			);
			mainGroup = 816D84511FB8FC11008DDA1E;
			productRefGroup = 816D845B1FB8FC11008DDA1E /* Products */;
			projectDirPath = "";
			projectRoot = "";
			targets = (
				816D84591FB8FC11008DDA1E /* Collector */,
			);
		};
/* End PBXProject section */

/* Begin PBXResourcesBuildPhase section */
		816D84581FB8FC11008DDA1E /* Resources */ = {
			isa = PBXResourcesBuildPhase;
			buildActionMask = 2147483647;
			files = (
				816D846B1FB8FC11008DDA1E /* LaunchScreen.storyboard in Resources */,
				816D84681FB8FC11008DDA1E /* Assets.xcassets in Resources */,
				816D84631FB8FC11008DDA1E /* Main.storyboard in Resources */,
			);
			runOnlyForDeploymentPostprocessing = 0;
		};
/* End PBXResourcesBuildPhase section */

/* Begin PBXSourcesBuildPhase section */
		816D84561FB8FC11008DDA1E /* Sources */ = {
			isa = PBXSourcesBuildPhase;
			buildActionMask = 2147483647;
			files = (
				816D84661FB8FC11008DDA1E /* Collector.xcdatamodeld in Sources */,
				816D84601FB8FC11008DDA1E /* ViewController.swift in Sources */,
				816D845E1FB8FC11008DDA1E /* AppDelegate.swift in Sources */,
			);
			runOnlyForDeploymentPostprocessing = 0;
		};
/* End PBXSourcesBuildPhase section */

/* Begin PBXVariantGroup section */
		816D84611FB8FC11008DDA1E /* Main.storyboard */ = {
			isa = PBXVariantGroup;
			children = (
				816D84621FB8FC11008DDA1E /* Base */,
			);
			name = Main.storyboard;
			sourceTree = "<group>";
		};
		816D84691FB8FC11008DDA1E /* LaunchScreen.storyboard */ = {
			isa = PBXVariantGroup;
			children = (
				816D846A1FB8FC11008DDA1E /* Base */,
			);
			name = LaunchScreen.storyboard;
			sourceTree = "<group>";
		};
/* End PBXVariantGroup section */

/* Begin XCBuildConfiguration section */
		816D846D1FB8FC11008DDA1E /* Debug */ = {
			isa = XCBuildConfiguration;
			buildSettings = {
				ALWAYS_SEARCH_USER_PATHS = NO;
				CLANG_ANALYZER_NONNULL = YES;
				CLANG_ANALYZER_NUMBER_OBJECT_CONVERSION = YES_AGGRESSIVE;
				CLANG_CXX_LANGUAGE_STANDARD = "gnu++14";
				CLANG_CXX_LIBRARY = "libc++";
				CLANG_ENABLE_MODULES = YES;
				CLANG_ENABLE_OBJC_ARC = YES;
				CLANG_WARN_BLOCK_CAPTURE_AUTORELEASING = YES;
				CLANG_WARN_BOOL_CONVERSION = YES;
				CLANG_WARN_COMMA = YES;
				CLANG_WARN_CONSTANT_CONVERSION = YES;
				CLANG_WARN_DIRECT_OBJC_ISA_USAGE = YES_ERROR;
				CLANG_WARN_DOCUMENTATION_COMMENTS = YES;
				CLANG_WARN_EMPTY_BODY = YES;
				CLANG_WARN_ENUM_CONVERSION = YES;
				CLANG_WARN_INFINITE_RECURSION = YES;
				CLANG_WARN_INT_CONVERSION = YES;
				CLANG_WARN_NON_LITERAL_NULL_CONVERSION = YES;
				CLANG_WARN_OBJC_LITERAL_CONVERSION = YES;
				CLANG_WARN_OBJC_ROOT_CLASS = YES_ERROR;
				CLANG_WARN_RANGE_LOOP_ANALYSIS = YES;
				CLANG_WARN_STRICT_PROTOTYPES = YES;
				CLANG_WARN_SUSPICIOUS_MOVE = YES;
				CLANG_WARN_UNGUARDED_AVAILABILITY = YES_AGGRESSIVE;
				CLANG_WARN_UNREACHABLE_CODE = YES;
				CLANG_WARN__DUPLICATE_METHOD_MATCH = YES;
				CODE_SIGN_IDENTITY = "iPhone Developer";
				COPY_PHASE_STRIP = NO;
				DEBUG_INFORMATION_FORMAT = dwarf;
				ENABLE_STRICT_OBJC_MSGSEND = YES;
				ENABLE_TESTABILITY = YES;
				GCC_C_LANGUAGE_STANDARD = gnu11;
				GCC_DYNAMIC_NO_PIC = NO;
				GCC_NO_COMMON_BLOCKS = YES;
				GCC_OPTIMIZATION_LEVEL = 0;
				GCC_PREPROCESSOR_DEFINITIONS = (
					"DEBUG=1",
					"$(inherited)",
				);
				GCC_WARN_64_TO_32_BIT_CONVERSION = YES;
				GCC_WARN_ABOUT_RETURN_TYPE = YES_ERROR;
				GCC_WARN_UNDECLARED_SELECTOR = YES;
				GCC_WARN_UNINITIALIZED_AUTOS = YES_AGGRESSIVE;
				GCC_WARN_UNUSED_FUNCTION = YES;
				GCC_WARN_UNUSED_VARIABLE = YES;
				IPHONEOS_DEPLOYMENT_TARGET = 11.0;
				MTL_ENABLE_DEBUG_INFO = YES;
				ONLY_ACTIVE_ARCH = YES;
				SDKROOT = iphoneos;
				SWIFT_ACTIVE_COMPILATION_CONDITIONS = DEBUG;
				SWIFT_OPTIMIZATION_LEVEL = "-Onone";
			};
			name = Debug;
		};
		816D846E1FB8FC11008DDA1E /* Release */ = {
			isa = XCBuildConfiguration;
			buildSettings = {
				ALWAYS_SEARCH_USER_PATHS = NO;
				CLANG_ANALYZER_NONNULL = YES;
				CLANG_ANALYZER_NUMBER_OBJECT_CONVERSION = YES_AGGRESSIVE;
				CLANG_CXX_LANGUAGE_STANDARD = "gnu++14";
				CLANG_CXX_LIBRARY = "libc++";
				CLANG_ENABLE_MODULES = YES;
				CLANG_ENABLE_OBJC_ARC = YES;
				CLANG_WARN_BLOCK_CAPTURE_AUTORELEASING = YES;
				CLANG_WARN_BOOL_CONVERSION = YES;
				CLANG_WARN_COMMA = YES;
				CLANG_WARN_CONSTANT_CONVERSION = YES;
				CLANG_WARN_DIRECT_OBJC_ISA_USAGE = YES_ERROR;
				CLANG_WARN_DOCUMENTATION_COMMENTS = YES;
				CLANG_WARN_EMPTY_BODY = YES;
				CLANG_WARN_ENUM_CONVERSION = YES;
				CLANG_WARN_INFINITE_RECURSION = YES;
				CLANG_WARN_INT_CONVERSION = YES;
				CLANG_WARN_NON_LITERAL_NULL_CONVERSION = YES;
				CLANG_WARN_OBJC_LITERAL_CONVERSION = YES;
				CLANG_WARN_OBJC_ROOT_CLASS = YES_ERROR;
				CLANG_WARN_RANGE_LOOP_ANALYSIS = YES;
				CLANG_WARN_STRICT_PROTOTYPES = YES;
				CLANG_WARN_SUSPICIOUS_MOVE = YES;
				CLANG_WARN_UNGUARDED_AVAILABILITY = YES_AGGRESSIVE;
				CLANG_WARN_UNREACHABLE_CODE = YES;
				CLANG_WARN__DUPLICATE_METHOD_MATCH = YES;
				CODE_SIGN_IDENTITY = "iPhone Developer";
				COPY_PHASE_STRIP = NO;
				DEBUG_INFORMATION_FORMAT = "dwarf-with-dsym";
				ENABLE_NS_ASSERTIONS = NO;
				ENABLE_STRICT_OBJC_MSGSEND = YES;
				GCC_C_LANGUAGE_STANDARD = gnu11;
				GCC_NO_COMMON_BLOCKS = YES;
				GCC_WARN_64_TO_32_BIT_CONVERSION = YES;
				GCC_WARN_ABOUT_RETURN_TYPE = YES_ERROR;
				GCC_WARN_UNDECLARED_SELECTOR = YES;
				GCC_WARN_UNINITIALIZED_AUTOS = YES_AGGRESSIVE;
				GCC_WARN_UNUSED_FUNCTION = YES;
				GCC_WARN_UNUSED_VARIABLE = YES;
				IPHONEOS_DEPLOYMENT_TARGET = 11.0;
				MTL_ENABLE_DEBUG_INFO = NO;
				SDKROOT = iphoneos;
				SWIFT_OPTIMIZATION_LEVEL = "-Owholemodule";
				VALIDATE_PRODUCT = YES;
			};
			name = Release;
		};
		816D84701FB8FC11008DDA1E /* Debug */ = {
			isa = XCBuildConfiguration;
			buildSettings = {
				ASSETCATALOG_COMPILER_APPICON_NAME = AppIcon;
				CODE_SIGN_STYLE = Automatic;
				INFOPLIST_FILE = Collector/Info.plist;
				LD_RUNPATH_SEARCH_PATHS = "$(inherited) @executable_path/Frameworks";
				PRODUCT_BUNDLE_IDENTIFIER = kev.mudy.Collector;
				PRODUCT_NAME = "$(TARGET_NAME)";
				SWIFT_VERSION = 4.0;
				TARGETED_DEVICE_FAMILY = "1,2";
			};
			name = Debug;
		};
		816D84711FB8FC11008DDA1E /* Release */ = {
			isa = XCBuildConfiguration;
			buildSettings = {
				ASSETCATALOG_COMPILER_APPICON_NAME = AppIcon;
				CODE_SIGN_STYLE = Automatic;
				INFOPLIST_FILE = Collector/Info.plist;
				LD_RUNPATH_SEARCH_PATHS = "$(inherited) @executable_path/Frameworks";
				PRODUCT_BUNDLE_IDENTIFIER = kev.mudy.Collector;
				PRODUCT_NAME = "$(TARGET_NAME)";
				SWIFT_VERSION = 4.0;
				TARGETED_DEVICE_FAMILY = "1,2";
			};
			name = Release;
		};
/* End XCBuildConfiguration section */

/* Begin XCConfigurationList section */
		816D84551FB8FC11008DDA1E /* Build configuration list for PBXProject "Collector" */ = {
			isa = XCConfigurationList;
			buildConfigurations = (
				816D846D1FB8FC11008DDA1E /* Debug */,
				816D846E1FB8FC11008DDA1E /* Release */,
			);
			defaultConfigurationIsVisible = 0;
			defaultConfigurationName = Release;
		};
		816D846F1FB8FC11008DDA1E /* Build configuration list for PBXNativeTarget "Collector" */ = {
			isa = XCConfigurationList;
			buildConfigurations = (
				816D84701FB8FC11008DDA1E /* Debug */,
				816D84711FB8FC11008DDA1E /* Release */,
			);
			defaultConfigurationIsVisible = 0;
			defaultConfigurationName = Release;
		};
/* End XCConfigurationList section */

/* Begin XCVersionGroup section */
		816D84641FB8FC11008DDA1E /* Collector.xcdatamodeld */ = {
			isa = XCVersionGroup;
			children = (
				816D84651FB8FC11008DDA1E /* Collector.xcdatamodel */,
			);
			currentVersion = 816D84651FB8FC11008DDA1E /* Collector.xcdatamodel */;
			path = Collector.xcdatamodeld;
			sourceTree = "<group>";
			versionGroupType = wrapper.xcdatamodel;
		};
/* End XCVersionGroup section */
	};
	rootObject = 816D84521FB8FC11008DDA1E /* Project object */;
}
